
Microsoft Visual Studio Solution File, Format Version 12.00
# Visual Studio Version 17
VisualStudioVersion = 17.14.37516.0 d17.14
MinimumVisualStudioVersion = 10.0.40219.1
Project("{F2A71F9B-5D33-465A-A702-920D77279786}") = "StockFlow", "StockFlow\StockFlow.fsproj", "{505C9DE6-51BA-4670-B0D6-05EA81D8196F}"
EndProject
Global
	GlobalSection(SolutionConfigurationPlatforms) = preSolution
		Debug|Any CPU = Debug|Any CPU
		Release|Any CPU = Release|Any CPU
	EndGlobalSection
	GlobalSection(ProjectConfigurationPlatforms) = postSolution
		{505C9DE6-51BA-4670-B0D6-05EA81D8196F}.Debug|Any CPU.ActiveCfg = Debug|Any CPU
		{505C9DE6-51BA-4670-B0D6-05EA81D8196F}.Debug|Any CPU.Build.0 = Debug|Any CPU
		{505C9DE6-51BA-4670-B0D6-05EA81D8196F}.Release|Any CPU.ActiveCfg = Release|Any CPU
		{505C9DE6-51BA-4670-B0D6-05EA81D8196F}.Release|Any CPU.Build.0 = Release|Any CPU
	EndGlobalSection
	GlobalSection(SolutionProperties) = preSolution
		HideSolutionNode = FALSE
	EndGlobalSection
	GlobalSection(ExtensibilityGlobals) = postSolution
		SolutionGuid = {BBA610F9-26EF-4264-8A0C-91123B1A5902}
	EndGlobalSection
EndGlobal
